
Microsoft Visual Studio Solution File, Format Version 12.00
# Visual Studio 14
VisualStudioVersion = 14.0.25420.1
MinimumVisualStudioVersion = 10.0.40219.1
Project("{FAE04EC0-301F-11D3-BF4B-00C04F79EFBC}") = "HMapper", "Core\HMapper.csproj", "{B698818D-6279-445B-9FB4-2BEF26EB2F33}"
EndProject
Project("{FAE04EC0-301F-11D3-BF4B-00C04F79EFBC}") = "HMapperTests", "HMapperTests\HMapperTests.csproj", "{ED347D4D-0D00-4468-9598-A2338517A9D9}"
EndProject
Project("{FAE04EC0-301F-11D3-BF4B-00C04F79EFBC}") = "TestObjects", "TestObjects\TestObjects.csproj", "{82E95C44-C888-4DF8-8603-F3409D200E59}"
EndProject
Global
	GlobalSection(SolutionConfigurationPlatforms) = preSolution
		Debug|Any CPU = Debug|Any CPU
		Release|Any CPU = Release|Any CPU
	EndGlobalSection
	GlobalSection(ProjectConfigurationPlatforms) = postSolution
		{B698818D-6279-445B-9FB4-2BEF26EB2F33}.Debug|Any CPU.ActiveCfg = Debug|Any CPU
		{B698818D-6279-445B-9FB4-2BEF26EB2F33}.Debug|Any CPU.Build.0 = Debug|Any CPU
		{B698818D-6279-445B-9FB4-2BEF26EB2F33}.Release|Any CPU.ActiveCfg = Release|Any CPU
		{B698818D-6279-445B-9FB4-2BEF26EB2F33}.Release|Any CPU.Build.0 = Release|Any CPU
		{ED347D4D-0D00-4468-9598-A2338517A9D9}.Debug|Any CPU.ActiveCfg = Debug|Any CPU
		{ED347D4D-0D00-4468-9598-A2338517A9D9}.Debug|Any CPU.Build.0 = Debug|Any CPU
		{ED347D4D-0D00-4468-9598-A2338517A9D9}.Release|Any CPU.ActiveCfg = Release|Any CPU
		{ED347D4D-0D00-4468-9598-A2338517A9D9}.Release|Any CPU.Build.0 = Release|Any CPU
		{82E95C44-C888-4DF8-8603-F3409D200E59}.Debug|Any CPU.ActiveCfg = Debug|Any CPU
		{82E95C44-C888-4DF8-8603-F3409D200E59}.Debug|Any CPU.Build.0 = Debug|Any CPU
		{82E95C44-C888-4DF8-8603-F3409D200E59}.Release|Any CPU.ActiveCfg = Release|Any CPU
		{82E95C44-C888-4DF8-8603-F3409D200E59}.Release|Any CPU.Build.0 = Release|Any CPU
	EndGlobalSection
	GlobalSection(SolutionProperties) = preSolution
		HideSolutionNode = FALSE
	EndGlobalSection
EndGlobal
